
Microsoft Visual Studio Solution File, Format Version 12.00
# Visual Studio Version 17
VisualStudioVersion = 17.4.33205.214
MinimumVisualStudioVersion = 10.0.40219.1
Project("{8BC9CEB8-8B4A-11D0-8D11-00A0C91BC942}") = "Server", "Server.vcxproj", "{E56170FC-A867-457F-8409-4FB2BF897FDF}"
EndProject
Global
	GlobalSection(SolutionConfigurationPlatforms) = preSolution
		Debug|x64 = Debug|x64
		Debug|x86 = Debug|x86
		Release|x64 = Release|x64
		Release|x86 = Release|x86
	EndGlobalSection
	GlobalSection(ProjectConfigurationPlatforms) = postSolution
		{E56170FC-A867-457F-8409-4FB2BF897FDF}.Debug|x64.ActiveCfg = Debug|x64
		{E56170FC-A867-457F-8409-4FB2BF897FDF}.Debug|x64.Build.0 = Debug|x64
		{E56170FC-A867-457F-8409-4FB2BF897FDF}.Debug|x86.ActiveCfg = Debug|Win32
		{E56170FC-A867-457F-8409-4FB2BF897FDF}.Debug|x86.Build.0 = Debug|Win32
		{E56170FC-A867-457F-8409-4FB2BF897FDF}.Release|x64.ActiveCfg = Release|x64
		{E56170FC-A867-457F-8409-4FB2BF897FDF}.Release|x64.Build.0 = Release|x64
		{E56170FC-A867-457F-8409-4FB2BF897FDF}.Release|x86.ActiveCfg = Release|Win32
		{E56170FC-A867-457F-8409-4FB2BF897FDF}.Release|x86.Build.0 = Release|Win32
	EndGlobalSection
	GlobalSection(SolutionProperties) = preSolution
		HideSolutionNode = FALSE
	EndGlobalSection
	GlobalSection(ExtensibilityGlobals) = postSolution
		SolutionGuid = {7EB90382-64DD-4292-AA62-165E525DD781}
	EndGlobalSection
EndGlobal
